
Microsoft Visual Studio Solution File, Format Version 12.00
# Visual Studio Version 17
VisualStudioVersion = 17.5.33318.248
MinimumVisualStudioVersion = 10.0.40219.1
Project("{9A19103F-16F7-4668-BE54-9A1E7A4F7556}") = "ScaleBars", "ScaleBars\ScaleBars.csproj", "{AA2F32DD-6913-4D5A-B2F0-8720AC8559C5}"
EndProject
Project("{2150E333-8FDC-42A3-9474-1A3956D46DE8}") = "Solution Items", "Solution Items", "{1C49EE38-3014-42DF-B9C2-F5161B1BD191}"
	ProjectSection(SolutionItems) = preProject
		.gitignore = .gitignore
		LICENSE = LICENSE
		README.md = README.md
	EndProjectSection
EndProject
Project("{2150E333-8FDC-42A3-9474-1A3956D46DE8}") = "Workflows", "Workflows", "{7951658C-55BD-44EF-A078-D8DE7DA71A56}"
	ProjectSection(SolutionItems) = preProject
		.github\workflows\build.yml = .github\workflows\build.yml
		.github\workflows\Installer.yml = .github\workflows\Installer.yml
	EndProjectSection
EndProject
Project("{9A19103F-16F7-4668-BE54-9A1E7A4F7556}") = "_build", "build\_build.csproj", "{44B27D4C-3F50-4EED-AE96-C5EB0EC7ED23}"
EndProject
Global
	GlobalSection(SolutionConfigurationPlatforms) = preSolution
		DebugR21|x64 = DebugR21|x64
		DebugR22|x64 = DebugR22|x64
		DebugR23|x64 = DebugR23|x64
		DebugR24|x64 = DebugR24|x64
		DebugR25|x64 = DebugR25|x64
		ReleaseR21|x64 = ReleaseR21|x64
		ReleaseR22|x64 = ReleaseR22|x64
		ReleaseR23|x64 = ReleaseR23|x64
		ReleaseR24|x64 = ReleaseR24|x64
		ReleaseR25|x64 = ReleaseR25|x64
	EndGlobalSection
	GlobalSection(ProjectConfigurationPlatforms) = postSolution
		{AA2F32DD-6913-4D5A-B2F0-8720AC8559C5}.DebugR21|x64.ActiveCfg = Debug R21|x64
		{AA2F32DD-6913-4D5A-B2F0-8720AC8559C5}.DebugR21|x64.Build.0 = Debug R21|x64
		{AA2F32DD-6913-4D5A-B2F0-8720AC8559C5}.DebugR22|x64.ActiveCfg = Debug R22|x64
		{AA2F32DD-6913-4D5A-B2F0-8720AC8559C5}.DebugR22|x64.Build.0 = Debug R22|x64
		{AA2F32DD-6913-4D5A-B2F0-8720AC8559C5}.DebugR23|x64.ActiveCfg = Debug R23|x64
		{AA2F32DD-6913-4D5A-B2F0-8720AC8559C5}.DebugR23|x64.Build.0 = Debug R23|x64
		{AA2F32DD-6913-4D5A-B2F0-8720AC8559C5}.DebugR24|x64.ActiveCfg = Debug R24|x64
		{AA2F32DD-6913-4D5A-B2F0-8720AC8559C5}.DebugR24|x64.Build.0 = Debug R24|x64
		{AA2F32DD-6913-4D5A-B2F0-8720AC8559C5}.DebugR25|x64.ActiveCfg = Debug R25|x64
		{AA2F32DD-6913-4D5A-B2F0-8720AC8559C5}.DebugR25|x64.Build.0 = Debug R25|x64
		{AA2F32DD-6913-4D5A-B2F0-8720AC8559C5}.ReleaseR21|x64.ActiveCfg = Release R21|x64
		{AA2F32DD-6913-4D5A-B2F0-8720AC8559C5}.ReleaseR21|x64.Build.0 = Release R21|x64
		{AA2F32DD-6913-4D5A-B2F0-8720AC8559C5}.ReleaseR22|x64.ActiveCfg = Release R22|x64
		{AA2F32DD-6913-4D5A-B2F0-8720AC8559C5}.ReleaseR22|x64.Build.0 = Release R22|x64
		{AA2F32DD-6913-4D5A-B2F0-8720AC8559C5}.ReleaseR23|x64.ActiveCfg = Release R23|x64
		{AA2F32DD-6913-4D5A-B2F0-8720AC8559C5}.ReleaseR23|x64.Build.0 = Release R23|x64
		{AA2F32DD-6913-4D5A-B2F0-8720AC8559C5}.ReleaseR24|x64.ActiveCfg = Release R24|x64
		{AA2F32DD-6913-4D5A-B2F0-8720AC8559C5}.ReleaseR24|x64.Build.0 = Release R24|x64
		{AA2F32DD-6913-4D5A-B2F0-8720AC8559C5}.ReleaseR25|x64.ActiveCfg = Release R25|x64
		{AA2F32DD-6913-4D5A-B2F0-8720AC8559C5}.ReleaseR25|x64.Build.0 = Release R25|x64
		{44B27D4C-3F50-4EED-AE96-C5EB0EC7ED23}.DebugR21|x64.ActiveCfg = Debug|Any CPU
		{44B27D4C-3F50-4EED-AE96-C5EB0EC7ED23}.DebugR22|x64.ActiveCfg = Debug|Any CPU
		{44B27D4C-3F50-4EED-AE96-C5EB0EC7ED23}.DebugR23|x64.ActiveCfg = Debug|Any CPU
		{44B27D4C-3F50-4EED-AE96-C5EB0EC7ED23}.DebugR24|x64.ActiveCfg = Debug|Any CPU
		{44B27D4C-3F50-4EED-AE96-C5EB0EC7ED23}.DebugR25|x64.ActiveCfg = Debug|Any CPU
		{44B27D4C-3F50-4EED-AE96-C5EB0EC7ED23}.ReleaseR21|x64.ActiveCfg = Release|Any CPU
		{44B27D4C-3F50-4EED-AE96-C5EB0EC7ED23}.ReleaseR22|x64.ActiveCfg = Release|Any CPU
		{44B27D4C-3F50-4EED-AE96-C5EB0EC7ED23}.ReleaseR23|x64.ActiveCfg = Release|Any CPU
		{44B27D4C-3F50-4EED-AE96-C5EB0EC7ED23}.ReleaseR24|x64.ActiveCfg = Release|Any CPU
		{44B27D4C-3F50-4EED-AE96-C5EB0EC7ED23}.ReleaseR25|x64.ActiveCfg = Release|Any CPU
	EndGlobalSection
	GlobalSection(SolutionProperties) = preSolution
		HideSolutionNode = FALSE
	EndGlobalSection
	GlobalSection(ExtensibilityGlobals) = postSolution
		SolutionGuid = {5FB3FECA-0FC1-4D66-8405-EB51E4494C75}
	EndGlobalSection
EndGlobal
